
Microsoft Visual Studio Solution File, Format Version 12.00
# Visual Studio Version 17
VisualStudioVersion = 17.1.32421.90
MinimumVisualStudioVersion = 10.0.40219.1
Project("{FAE04EC0-301F-11D3-BF4B-00C04F79EFBC}") = "MovieDatabaseSQL", "MovieDatabaseSQL\MovieDatabaseSQL.csproj", "{C0256CF5-83F7-4AE6-871E-29608B4E8115}"
EndProject
Global
	GlobalSection(SolutionConfigurationPlatforms) = preSolution
		Debug|Any CPU = Debug|Any CPU
		Release|Any CPU = Release|Any CPU
	EndGlobalSection
	GlobalSection(ProjectConfigurationPlatforms) = postSolution
		{C0256CF5-83F7-4AE6-871E-29608B4E8115}.Debug|Any CPU.ActiveCfg = Debug|Any CPU
		{C0256CF5-83F7-4AE6-871E-29608B4E8115}.Debug|Any CPU.Build.0 = Debug|Any CPU
		{C0256CF5-83F7-4AE6-871E-29608B4E8115}.Release|Any CPU.ActiveCfg = Release|Any CPU
		{C0256CF5-83F7-4AE6-871E-29608B4E8115}.Release|Any CPU.Build.0 = Release|Any CPU
	EndGlobalSection
	GlobalSection(SolutionProperties) = preSolution
		HideSolutionNode = FALSE
	EndGlobalSection
	GlobalSection(ExtensibilityGlobals) = postSolution
		SolutionGuid = {A580C2DE-C8CB-47BA-8A59-E273CFDD372E}
	EndGlobalSection
EndGlobal
